// !$*UTF8*$!
{
	archiveVersion = 1;
	classes = {
	};
	objectVersion = 46;
	objects = {

/* Begin PBXBuildFile section */
		DDED2C291C8B0A3100906E10 /* AppDelegate.swift in Sources */ = {isa = PBXBuildFile; fileRef = DDED2C281C8B0A3100906E10 /* AppDelegate.swift */; };
		DDED2C2B1C8B0A3100906E10 /* ViewController.swift in Sources */ = {isa = PBXBuildFile; fileRef = DDED2C2A1C8B0A3100906E10 /* ViewController.swift */; };
		DDED2C2E1C8B0A3100906E10 /* Main.storyboard in Resources */ = {isa = PBXBuildFile; fileRef = DDED2C2C1C8B0A3100906E10 /* Main.storyboard */; };
		DDED2C301C8B0A3100906E10 /* Assets.xcassets in Resources */ = {isa = PBXBuildFile; fileRef = DDED2C2F1C8B0A3100906E10 /* Assets.xcassets */; };
		DDED2C331C8B0A3100906E10 /* LaunchScreen.storyboard in Resources */ = {isa = PBXBuildFile; fileRef = DDED2C311C8B0A3100906E10 /* LaunchScreen.storyboard */; };
		DDED2C3E1C8B0A3100906E10 /* AudioNetTests.swift in Sources */ = {isa = PBXBuildFile; fileRef = DDED2C3D1C8B0A3100906E10 /* AudioNetTests.swift */; };
		DDED2C491C8B0A3100906E10 /* AudioNetUITests.swift in Sources */ = {isa = PBXBuildFile; fileRef = DDED2C481C8B0A3100906E10 /* AudioNetUITests.swift */; };
/* End PBXBuildFile section */

/* Begin PBXContainerItemProxy section */
		DDED2C3A1C8B0A3100906E10 /* PBXContainerItemProxy */ = {
			isa = PBXContainerItemProxy;
			containerPortal = DDED2C1D1C8B0A3100906E10 /* Project object */;
			proxyType = 1;
			remoteGlobalIDString = DDED2C241C8B0A3100906E10;
			remoteInfo = AudioNet;
		};
		DDED2C451C8B0A3100906E10 /* PBXContainerItemProxy */ = {
			isa = PBXContainerItemProxy;
			containerPortal = DDED2C1D1C8B0A3100906E10 /* Project object */;
			proxyType = 1;
			remoteGlobalIDString = DDED2C241C8B0A3100906E10;
			remoteInfo = AudioNet;
		};
/* End PBXContainerItemProxy section */

/* Begin PBXFileReference section */
		DDED2C251C8B0A3100906E10 /* AudioNet.app */ = {isa = PBXFileReference; explicitFileType = wrapper.application; includeInIndex = 0; path = AudioNet.app; sourceTree = BUILT_PRODUCTS_DIR; };
		DDED2C281C8B0A3100906E10 /* AppDelegate.swift */ = {isa = PBXFileReference; lastKnownFileType = sourcecode.swift; path = AppDelegate.swift; sourceTree = "<group>"; };
		DDED2C2A1C8B0A3100906E10 /* ViewController.swift */ = {isa = PBXFileReference; lastKnownFileType = sourcecode.swift; path = ViewController.swift; sourceTree = "<group>"; };
		DDED2C2D1C8B0A3100906E10 /* Base */ = {isa = PBXFileReference; lastKnownFileType = file.storyboard; name = Base; path = Base.lproj/Main.storyboard; sourceTree = "<group>"; };
		DDED2C2F1C8B0A3100906E10 /* Assets.xcassets */ = {isa = PBXFileReference; lastKnownFileType = folder.assetcatalog; path = Assets.xcassets; sourceTree = "<group>"; };
		DDED2C321C8B0A3100906E10 /* Base */ = {isa = PBXFileReference; lastKnownFileType = file.storyboard; name = Base; path = Base.lproj/LaunchScreen.storyboard; sourceTree = "<group>"; };
		DDED2C341C8B0A3100906E10 /* Info.plist */ = {isa = PBXFileReference; lastKnownFileType = text.plist.xml; path = Info.plist; sourceTree = "<group>"; };
		DDED2C391C8B0A3100906E10 /* AudioNetTests.xctest */ = {isa = PBXFileReference; explicitFileType = wrapper.cfbundle; includeInIndex = 0; path = AudioNetTests.xctest; sourceTree = BUILT_PRODUCTS_DIR; };
		DDED2C3D1C8B0A3100906E10 /* AudioNetTests.swift */ = {isa = PBXFileReference; lastKnownFileType = sourcecode.swift; path = AudioNetTests.swift; sourceTree = "<group>"; };
		DDED2C3F1C8B0A3100906E10 /* Info.plist */ = {isa = PBXFileReference; lastKnownFileType = text.plist.xml; path = Info.plist; sourceTree = "<group>"; };
		DDED2C441C8B0A3100906E10 /* AudioNetUITests.xctest */ = {isa = PBXFileReference; explicitFileType = wrapper.cfbundle; includeInIndex = 0; path = AudioNetUITests.xctest; sourceTree = BUILT_PRODUCTS_DIR; };
		DDED2C481C8B0A3100906E10 /* AudioNetUITests.swift */ = {isa = PBXFileReference; lastKnownFileType = sourcecode.swift; path = AudioNetUITests.swift; sourceTree = "<group>"; };
		DDED2C4A1C8B0A3100906E10 /* Info.plist */ = {isa = PBXFileReference; lastKnownFileType = text.plist.xml; path = Info.plist; sourceTree = "<group>"; };
/* End PBXFileReference section */

/* Begin PBXFrameworksBuildPhase section */
		DDED2C221C8B0A3100906E10 /* Frameworks */ = {
			isa = PBXFrameworksBuildPhase;
			buildActionMask = 2147483647;
			files = (
			);
			runOnlyForDeploymentPostprocessing = 0;
		};
		DDED2C361C8B0A3100906E10 /* Frameworks */ = {
			isa = PBXFrameworksBuildPhase;
			buildActionMask = 2147483647;
			files = (
			);
			runOnlyForDeploymentPostprocessing = 0;
		};
		DDED2C411C8B0A3100906E10 /* Frameworks */ = {
			isa = PBXFrameworksBuildPhase;
			buildActionMask = 2147483647;
			files = (
			);
			runOnlyForDeploymentPostprocessing = 0;
		};
/* End PBXFrameworksBuildPhase section */

/* Begin PBXGroup section */
		DDED2C1C1C8B0A3100906E10 = {
			isa = PBXGroup;
			children = (
				DDED2C271C8B0A3100906E10 /* AudioNet */,
				DDED2C3C1C8B0A3100906E10 /* AudioNetTests */,
				DDED2C471C8B0A3100906E10 /* AudioNetUITests */,
				DDED2C261C8B0A3100906E10 /* Products */,
			);
			sourceTree = "<group>";
		};
		DDED2C261C8B0A3100906E10 /* Products */ = {
			isa = PBXGroup;
			children = (
				DDED2C251C8B0A3100906E10 /* AudioNet.app */,
				DDED2C391C8B0A3100906E10 /* AudioNetTests.xctest */,
				DDED2C441C8B0A3100906E10 /* AudioNetUITests.xctest */,
			);
			name = Products;
			sourceTree = "<group>";
		};
		DDED2C271C8B0A3100906E10 /* AudioNet */ = {
			isa = PBXGroup;
			children = (
				DDED2C281C8B0A3100906E10 /* AppDelegate.swift */,
				DDED2C2A1C8B0A3100906E10 /* ViewController.swift */,
				DDED2C2C1C8B0A3100906E10 /* Main.storyboard */,
				DDED2C2F1C8B0A3100906E10 /* Assets.xcassets */,
				DDED2C311C8B0A3100906E10 /* LaunchScreen.storyboard */,
				DDED2C341C8B0A3100906E10 /* Info.plist */,
			);
			path = AudioNet;
			sourceTree = "<group>";
		};
		DDED2C3C1C8B0A3100906E10 /* AudioNetTests */ = {
			isa = PBXGroup;
			children = (
				DDED2C3D1C8B0A3100906E10 /* AudioNetTests.swift */,
				DDED2C3F1C8B0A3100906E10 /* Info.plist */,
			);
			path = AudioNetTests;
			sourceTree = "<group>";
		};
		DDED2C471C8B0A3100906E10 /* AudioNetUITests */ = {
			isa = PBXGroup;
			children = (
				DDED2C481C8B0A3100906E10 /* AudioNetUITests.swift */,
				DDED2C4A1C8B0A3100906E10 /* Info.plist */,
			);
			path = AudioNetUITests;
			sourceTree = "<group>";
		};
/* End PBXGroup section */

/* Begin PBXNativeTarget section */
		DDED2C241C8B0A3100906E10 /* AudioNet */ = {
			isa = PBXNativeTarget;
			buildConfigurationList = DDED2C4D1C8B0A3100906E10 /* Build configuration list for PBXNativeTarget "AudioNet" */;
			buildPhases = (
				DDED2C211C8B0A3100906E10 /* Sources */,
				DDED2C221C8B0A3100906E10 /* Frameworks */,
				DDED2C231C8B0A3100906E10 /* Resources */,
			);
			buildRules = (
			);
			dependencies = (
			);
			name = AudioNet;
			productName = AudioNet;
			productReference = DDED2C251C8B0A3100906E10 /* AudioNet.app */;
			productType = "com.apple.product-type.application";
		};
		DDED2C381C8B0A3100906E10 /* AudioNetTests */ = {
			isa = PBXNativeTarget;
			buildConfigurationList = DDED2C501C8B0A3100906E10 /* Build configuration list for PBXNativeTarget "AudioNetTests" */;
			buildPhases = (
				DDED2C351C8B0A3100906E10 /* Sources */,
				DDED2C361C8B0A3100906E10 /* Frameworks */,
				DDED2C371C8B0A3100906E10 /* Resources */,
			);
			buildRules = (
			);
			dependencies = (
				DDED2C3B1C8B0A3100906E10 /* PBXTargetDependency */,
			);
			name = AudioNetTests;
			productName = AudioNetTests;
			productReference = DDED2C391C8B0A3100906E10 /* AudioNetTests.xctest */;
			productType = "com.apple.product-type.bundle.unit-test";
		};
		DDED2C431C8B0A3100906E10 /* AudioNetUITests */ = {
			isa = PBXNativeTarget;
			buildConfigurationList = DDED2C531C8B0A3100906E10 /* Build configuration list for PBXNativeTarget "AudioNetUITests" */;
			buildPhases = (
				DDED2C401C8B0A3100906E10 /* Sources */,
				DDED2C411C8B0A3100906E10 /* Frameworks */,
				DDED2C421C8B0A3100906E10 /* Resources */,
			);
			buildRules = (
			);
			dependencies = (
				DDED2C461C8B0A3100906E10 /* PBXTargetDependency */,
			);
			name = AudioNetUITests;
			productName = AudioNetUITests;
			productReference = DDED2C441C8B0A3100906E10 /* AudioNetUITests.xctest */;
			productType = "com.apple.product-type.bundle.ui-testing";
		};
/* End PBXNativeTarget section */

/* Begin PBXProject section */
		DDED2C1D1C8B0A3100906E10 /* Project object */ = {
			isa = PBXProject;
			attributes = {
				LastSwiftUpdateCheck = 0720;
				LastUpgradeCheck = 0720;
				ORGANIZATIONNAME = ehappy;
				TargetAttributes = {
					DDED2C241C8B0A3100906E10 = {
						CreatedOnToolsVersion = 7.2.1;
					};
					DDED2C381C8B0A3100906E10 = {
						CreatedOnToolsVersion = 7.2.1;
						TestTargetID = DDED2C241C8B0A3100906E10;
					};
					DDED2C431C8B0A3100906E10 = {
						CreatedOnToolsVersion = 7.2.1;
						TestTargetID = DDED2C241C8B0A3100906E10;
					};
				};
			};
			buildConfigurationList = DDED2C201C8B0A3100906E10 /* Build configuration list for PBXProject "AudioNet" */;
			compatibilityVersion = "Xcode 3.2";
			developmentRegion = English;
			hasScannedForEncodings = 0;
			knownRegions = (
				en,
				Base,
			);
			mainGroup = DDED2C1C1C8B0A3100906E10;
			productRefGroup = DDED2C261C8B0A3100906E10 /* Products */;
			projectDirPath = "";
			projectRoot = "";
			targets = (
				DDED2C241C8B0A3100906E10 /* AudioNet */,
				DDED2C381C8B0A3100906E10 /* AudioNetTests */,
				DDED2C431C8B0A3100906E10 /* AudioNetUITests */,
			);
		};
/* End PBXProject section */

/* Begin PBXResourcesBuildPhase section */
		DDED2C231C8B0A3100906E10 /* Resources */ = {
			isa = PBXResourcesBuildPhase;
			buildActionMask = 2147483647;
			files = (
				DDED2C331C8B0A3100906E10 /* LaunchScreen.storyboard in Resources */,
				DDED2C301C8B0A3100906E10 /* Assets.xcassets in Resources */,
				DDED2C2E1C8B0A3100906E10 /* Main.storyboard in Resources */,
			);
			runOnlyForDeploymentPostprocessing = 0;
		};
		DDED2C371C8B0A3100906E10 /* Resources */ = {
			isa = PBXResourcesBuildPhase;
			buildActionMask = 2147483647;
			files = (
			);
			runOnlyForDeploymentPostprocessing = 0;
		};
		DDED2C421C8B0A3100906E10 /* Resources */ = {
			isa = PBXResourcesBuildPhase;
			buildActionMask = 2147483647;
			files = (
			);
			runOnlyForDeploymentPostprocessing = 0;
		};
/* End PBXResourcesBuildPhase section */

/* Begin PBXSourcesBuildPhase section */
		DDED2C211C8B0A3100906E10 /* Sources */ = {
			isa = PBXSourcesBuildPhase;
			buildActionMask = 2147483647;
			files = (
				DDED2C2B1C8B0A3100906E10 /* ViewController.swift in Sources */,
				DDED2C291C8B0A3100906E10 /* AppDelegate.swift in Sources */,
			);
			runOnlyForDeploymentPostprocessing = 0;
		};
		DDED2C351C8B0A3100906E10 /* Sources */ = {
			isa = PBXSourcesBuildPhase;
			buildActionMask = 2147483647;
			files = (
				DDED2C3E1C8B0A3100906E10 /* AudioNetTests.swift in Sources */,
			);
			runOnlyForDeploymentPostprocessing = 0;
		};
		DDED2C401C8B0A3100906E10 /* Sources */ = {
			isa = PBXSourcesBuildPhase;
			buildActionMask = 2147483647;
			files = (
				DDED2C491C8B0A3100906E10 /* AudioNetUITests.swift in Sources */,
			);
			runOnlyForDeploymentPostprocessing = 0;
		};
/* End PBXSourcesBuildPhase section */

/* Begin PBXTargetDependency section */
		DDED2C3B1C8B0A3100906E10 /* PBXTargetDependency */ = {
			isa = PBXTargetDependency;
			target = DDED2C241C8B0A3100906E10 /* AudioNet */;
			targetProxy = DDED2C3A1C8B0A3100906E10 /* PBXContainerItemProxy */;
		};
		DDED2C461C8B0A3100906E10 /* PBXTargetDependency */ = {
			isa = PBXTargetDependency;
			target = DDED2C241C8B0A3100906E10 /* AudioNet */;
			targetProxy = DDED2C451C8B0A3100906E10 /* PBXContainerItemProxy */;
		};
/* End PBXTargetDependency section */

/* Begin PBXVariantGroup section */
		DDED2C2C1C8B0A3100906E10 /* Main.storyboard */ = {
			isa = PBXVariantGroup;
			children = (
				DDED2C2D1C8B0A3100906E10 /* Base */,
			);
			name = Main.storyboard;
			sourceTree = "<group>";
		};
		DDED2C311C8B0A3100906E10 /* LaunchScreen.storyboard */ = {
			isa = PBXVariantGroup;
			children = (
				DDED2C321C8B0A3100906E10 /* Base */,
			);
			name = LaunchScreen.storyboard;
			sourceTree = "<group>";
		};
/* End PBXVariantGroup section */

/* Begin XCBuildConfiguration section */
		DDED2C4B1C8B0A3100906E10 /* Debug */ = {
			isa = XCBuildConfiguration;
			buildSettings = {
				ALWAYS_SEARCH_USER_PATHS = NO;
				CLANG_CXX_LANGUAGE_STANDARD = "gnu++0x";
				CLANG_CXX_LIBRARY = "libc++";
				CLANG_ENABLE_MODULES = YES;
				CLANG_ENABLE_OBJC_ARC = YES;
				CLANG_WARN_BOOL_CONVERSION = YES;
				CLANG_WARN_CONSTANT_CONVERSION = YES;
				CLANG_WARN_DIRECT_OBJC_ISA_USAGE = YES_ERROR;
				CLANG_WARN_EMPTY_BODY = YES;
				CLANG_WARN_ENUM_CONVERSION = YES;
				CLANG_WARN_INT_CONVERSION = YES;
				CLANG_WARN_OBJC_ROOT_CLASS = YES_ERROR;
				CLANG_WARN_UNREACHABLE_CODE = YES;
				CLANG_WARN__DUPLICATE_METHOD_MATCH = YES;
				"CODE_SIGN_IDENTITY[sdk=iphoneos*]" = "iPhone Developer";
				COPY_PHASE_STRIP = NO;
				DEBUG_INFORMATION_FORMAT = dwarf;
				ENABLE_STRICT_OBJC_MSGSEND = YES;
				ENABLE_TESTABILITY = YES;
				GCC_C_LANGUAGE_STANDARD = gnu99;
				GCC_DYNAMIC_NO_PIC = NO;
				GCC_NO_COMMON_BLOCKS = YES;
				GCC_OPTIMIZATION_LEVEL = 0;
				GCC_PREPROCESSOR_DEFINITIONS = (
					"DEBUG=1",
					"$(inherited)",
				);
				GCC_WARN_64_TO_32_BIT_CONVERSION = YES;
				GCC_WARN_ABOUT_RETURN_TYPE = YES_ERROR;
				GCC_WARN_UNDECLARED_SELECTOR = YES;
				GCC_WARN_UNINITIALIZED_AUTOS = YES_AGGRESSIVE;
				GCC_WARN_UNUSED_FUNCTION = YES;
				GCC_WARN_UNUSED_VARIABLE = YES;
				IPHONEOS_DEPLOYMENT_TARGET = 9.2;
				MTL_ENABLE_DEBUG_INFO = YES;
				ONLY_ACTIVE_ARCH = YES;
				SDKROOT = iphoneos;
				SWIFT_OPTIMIZATION_LEVEL = "-Onone";
			};
			name = Debug;
		};
		DDED2C4C1C8B0A3100906E10 /* Release */ = {
			isa = XCBuildConfiguration;
			buildSettings = {
				ALWAYS_SEARCH_USER_PATHS = NO;
				CLANG_CXX_LANGUAGE_STANDARD = "gnu++0x";
				CLANG_CXX_LIBRARY = "libc++";
				CLANG_ENABLE_MODULES = YES;
				CLANG_ENABLE_OBJC_ARC = YES;
				CLANG_WARN_BOOL_CONVERSION = YES;
				CLANG_WARN_CONSTANT_CONVERSION = YES;
				CLANG_WARN_DIRECT_OBJC_ISA_USAGE = YES_ERROR;
				CLANG_WARN_EMPTY_BODY = YES;
				CLANG_WARN_ENUM_CONVERSION = YES;
				CLANG_WARN_INT_CONVERSION = YES;
				CLANG_WARN_OBJC_ROOT_CLASS = YES_ERROR;
				CLANG_WARN_UNREACHABLE_CODE = YES;
				CLANG_WARN__DUPLICATE_METHOD_MATCH = YES;
				"CODE_SIGN_IDENTITY[sdk=iphoneos*]" = "iPhone Developer";
				COPY_PHASE_STRIP = NO;
				DEBUG_INFORMATION_FORMAT = "dwarf-with-dsym";
				ENABLE_NS_ASSERTIONS = NO;
				ENABLE_STRICT_OBJC_MSGSEND = YES;
				GCC_C_LANGUAGE_STANDARD = gnu99;
				GCC_NO_COMMON_BLOCKS = YES;
				GCC_WARN_64_TO_32_BIT_CONVERSION = YES;
				GCC_WARN_ABOUT_RETURN_TYPE = YES_ERROR;
				GCC_WARN_UNDECLARED_SELECTOR = YES;
				GCC_WARN_UNINITIALIZED_AUTOS = YES_AGGRESSIVE;
				GCC_WARN_UNUSED_FUNCTION = YES;
				GCC_WARN_UNUSED_VARIABLE = YES;
				IPHONEOS_DEPLOYMENT_TARGET = 9.2;
				MTL_ENABLE_DEBUG_INFO = NO;
				SDKROOT = iphoneos;
				VALIDATE_PRODUCT = YES;
			};
			name = Release;
		};
		DDED2C4E1C8B0A3100906E10 /* Debug */ = {
			isa = XCBuildConfiguration;
			buildSettings = {
				ASSETCATALOG_COMPILER_APPICON_NAME = AppIcon;
				INFOPLIST_FILE = AudioNet/Info.plist;
				LD_RUNPATH_SEARCH_PATHS = "$(inherited) @executable_path/Frameworks";
				PRODUCT_BUNDLE_IDENTIFIER = com.ehappy.AudioNet;
				PRODUCT_NAME = "$(TARGET_NAME)";
			};
			name = Debug;
		};
		DDED2C4F1C8B0A3100906E10 /* Release */ = {
			isa = XCBuildConfiguration;
			buildSettings = {
				ASSETCATALOG_COMPILER_APPICON_NAME = AppIcon;
				INFOPLIST_FILE = AudioNet/Info.plist;
				LD_RUNPATH_SEARCH_PATHS = "$(inherited) @executable_path/Frameworks";
				PRODUCT_BUNDLE_IDENTIFIER = com.ehappy.AudioNet;
				PRODUCT_NAME = "$(TARGET_NAME)";
			};
			name = Release;
		};
		DDED2C511C8B0A3100906E10 /* Debug */ = {
			isa = XCBuildConfiguration;
			buildSettings = {
				BUNDLE_LOADER = "$(TEST_HOST)";
				INFOPLIST_FILE = AudioNetTests/Info.plist;
				LD_RUNPATH_SEARCH_PATHS = "$(inherited) @executable_path/Frameworks @loader_path/Frameworks";
				PRODUCT_BUNDLE_IDENTIFIER = com.ehappy.AudioNetTests;
				PRODUCT_NAME = "$(TARGET_NAME)";
				TEST_HOST = "$(BUILT_PRODUCTS_DIR)/AudioNet.app/AudioNet";
			};
			name = Debug;
		};
		DDED2C521C8B0A3100906E10 /* Release */ = {
			isa = XCBuildConfiguration;
			buildSettings = {
				BUNDLE_LOADER = "$(TEST_HOST)";
				INFOPLIST_FILE = AudioNetTests/Info.plist;
				LD_RUNPATH_SEARCH_PATHS = "$(inherited) @executable_path/Frameworks @loader_path/Frameworks";
				PRODUCT_BUNDLE_IDENTIFIER = com.ehappy.AudioNetTests;
				PRODUCT_NAME = "$(TARGET_NAME)";
				TEST_HOST = "$(BUILT_PRODUCTS_DIR)/AudioNet.app/AudioNet";
			};
			name = Release;
		};
		DDED2C541C8B0A3100906E10 /* Debug */ = {
			isa = XCBuildConfiguration;
			buildSettings = {
				INFOPLIST_FILE = AudioNetUITests/Info.plist;
				LD_RUNPATH_SEARCH_PATHS = "$(inherited) @executable_path/Frameworks @loader_path/Frameworks";
				PRODUCT_BUNDLE_IDENTIFIER = com.ehappy.AudioNetUITests;
				PRODUCT_NAME = "$(TARGET_NAME)";
				TEST_TARGET_NAME = AudioNet;
				USES_XCTRUNNER = YES;
			};
			name = Debug;
		};
		DDED2C551C8B0A3100906E10 /* Release */ = {
			isa = XCBuildConfiguration;
			buildSettings = {
				INFOPLIST_FILE = AudioNetUITests/Info.plist;
				LD_RUNPATH_SEARCH_PATHS = "$(inherited) @executable_path/Frameworks @loader_path/Frameworks";
				PRODUCT_BUNDLE_IDENTIFIER = com.ehappy.AudioNetUITests;
				PRODUCT_NAME = "$(TARGET_NAME)";
				TEST_TARGET_NAME = AudioNet;
				USES_XCTRUNNER = YES;
			};
			name = Release;
		};
/* End XCBuildConfiguration section */

/* Begin XCConfigurationList section */
		DDED2C201C8B0A3100906E10 /* Build configuration list for PBXProject "AudioNet" */ = {
			isa = XCConfigurationList;
			buildConfigurations = (
				DDED2C4B1C8B0A3100906E10 /* Debug */,
				DDED2C4C1C8B0A3100906E10 /* Release */,
			);
			defaultConfigurationIsVisible = 0;
			defaultConfigurationName = Release;
		};
		DDED2C4D1C8B0A3100906E10 /* Build configuration list for PBXNativeTarget "AudioNet" */ = {
			isa = XCConfigurationList;
			buildConfigurations = (
				DDED2C4E1C8B0A3100906E10 /* Debug */,
				DDED2C4F1C8B0A3100906E10 /* Release */,
			);
			defaultConfigurationIsVisible = 0;
		};
		DDED2C501C8B0A3100906E10 /* Build configuration list for PBXNativeTarget "AudioNetTests" */ = {
			isa = XCConfigurationList;
			buildConfigurations = (
				DDED2C511C8B0A3100906E10 /* Debug */,
				DDED2C521C8B0A3100906E10 /* Release */,
			);
			defaultConfigurationIsVisible = 0;
		};
		DDED2C531C8B0A3100906E10 /* Build configuration list for PBXNativeTarget "AudioNetUITests" */ = {
			isa = XCConfigurationList;
			buildConfigurations = (
				DDED2C541C8B0A3100906E10 /* Debug */,
				DDED2C551C8B0A3100906E10 /* Release */,
			);
			defaultConfigurationIsVisible = 0;
		};
/* End XCConfigurationList section */
	};
	rootObject = DDED2C1D1C8B0A3100906E10 /* Project object */;
}
